{
  "object": {
    "pins": [
      {
        "package": "Kingfisher",
        "repositoryURL": "https://github.com/onevcat/Kingfisher",
        "state": {
          "branch": null,
          "revision": "9f1a5e8e6afcd3c4150300d0c64b8593fcd5b163",
          "version": "5.13.2"
        }
      },
      {
        "package": "Pantomime",
        "repositoryURL": "git@github.com:douknow/Pantomime.git",
        "state": {
          "branch": "master",
          "revision": "e8369493cc37f47f7fc075c3eb156a1b5adbc13d",
          "version": null
        }
      },
      {
        "package": "SnapKit",
        "repositoryURL": "https://github.com/SnapKit/SnapKit",
        "state": {
          "branch": null,
          "revision": "d458564516e5676af9c70b4f4b2a9178294f1bc6",
          "version": "5.0.1"
        }
      },
      {
        "package": "SwiftSoup",
        "repositoryURL": "git@github.com:scinfu/SwiftSoup.git",
        "state": {
          "branch": null,
          "revision": "7f187fd8804e63dea89879c95d7c2f7703727d0f",
          "version": "2.3.0"
        }
      }
    ]
  },
  "version": 1
}
